
Microsoft Visual Studio Solution File, Format Version 12.00
Project("{FAE04EC0-301F-11D3-BF4B-00C04F79EFBC}") = "SkillTraining", "SkillTraining\SkillTraining.csproj", "{4C080AE8-D995-4DFA-BA0C-F7C3E4744EFE}"
EndProject
Project("{FAE04EC0-301F-11D3-BF4B-00C04F79EFBC}") = "YeetLoot", "YeetLoot\YeetLoot.csproj", "{9918BD53-DA60-410F-B715-E64279D5954F}"
EndProject
Project("{FAE04EC0-301F-11D3-BF4B-00C04F79EFBC}") = "Core", "Core\Core.csproj", "{0814F051-602B-434C-ADED-B3F1BE905378}"
EndProject
Global
	GlobalSection(SolutionConfigurationPlatforms) = preSolution
		Debug|Any CPU = Debug|Any CPU
		Release|Any CPU = Release|Any CPU
	EndGlobalSection
	GlobalSection(ProjectConfigurationPlatforms) = postSolution
		{4C080AE8-D995-4DFA-BA0C-F7C3E4744EFE}.Debug|Any CPU.ActiveCfg = Debug|Any CPU
		{4C080AE8-D995-4DFA-BA0C-F7C3E4744EFE}.Debug|Any CPU.Build.0 = Debug|Any CPU
		{4C080AE8-D995-4DFA-BA0C-F7C3E4744EFE}.Release|Any CPU.ActiveCfg = Release|Any CPU
		{4C080AE8-D995-4DFA-BA0C-F7C3E4744EFE}.Release|Any CPU.Build.0 = Release|Any CPU
		{9918BD53-DA60-410F-B715-E64279D5954F}.Debug|Any CPU.ActiveCfg = Debug|Any CPU
		{9918BD53-DA60-410F-B715-E64279D5954F}.Debug|Any CPU.Build.0 = Debug|Any CPU
		{9918BD53-DA60-410F-B715-E64279D5954F}.Release|Any CPU.ActiveCfg = Release|Any CPU
		{9918BD53-DA60-410F-B715-E64279D5954F}.Release|Any CPU.Build.0 = Release|Any CPU
		{0814F051-602B-434C-ADED-B3F1BE905378}.Debug|Any CPU.ActiveCfg = Debug|Any CPU
		{0814F051-602B-434C-ADED-B3F1BE905378}.Debug|Any CPU.Build.0 = Debug|Any CPU
		{0814F051-602B-434C-ADED-B3F1BE905378}.Release|Any CPU.ActiveCfg = Release|Any CPU
		{0814F051-602B-434C-ADED-B3F1BE905378}.Release|Any CPU.Build.0 = Release|Any CPU
	EndGlobalSection
EndGlobal
